
Microsoft Visual Studio Solution File, Format Version 12.00
# Visual Studio Version 17
VisualStudioVersion = 17.4.33213.308
MinimumVisualStudioVersion = 10.0.40219.1
Project("{FAE04EC0-301F-11D3-BF4B-00C04F79EFBC}") = "BlogProjeCore7.0", "BlogProjeCore7.0\BlogProjeCore7.0.csproj", "{D21D83C2-91D3-438A-9445-8270ED8191A1}"
EndProject
Global
	GlobalSection(SolutionConfigurationPlatforms) = preSolution
		Debug|Any CPU = Debug|Any CPU
		Release|Any CPU = Release|Any CPU
	EndGlobalSection
	GlobalSection(ProjectConfigurationPlatforms) = postSolution
		{D21D83C2-91D3-438A-9445-8270ED8191A1}.Debug|Any CPU.ActiveCfg = Debug|Any CPU
		{D21D83C2-91D3-438A-9445-8270ED8191A1}.Debug|Any CPU.Build.0 = Debug|Any CPU
		{D21D83C2-91D3-438A-9445-8270ED8191A1}.Release|Any CPU.ActiveCfg = Release|Any CPU
		{D21D83C2-91D3-438A-9445-8270ED8191A1}.Release|Any CPU.Build.0 = Release|Any CPU
	EndGlobalSection
	GlobalSection(SolutionProperties) = preSolution
		HideSolutionNode = FALSE
	EndGlobalSection
	GlobalSection(ExtensibilityGlobals) = postSolution
		SolutionGuid = {B5D8F18B-B88D-47F2-8E80-A28BF8A753B5}
	EndGlobalSection
EndGlobal
